
Microsoft Visual Studio Solution File, Format Version 12.00
# Visual Studio Version 17
VisualStudioVersion = 17.9.34728.123
MinimumVisualStudioVersion = 10.0.40219.1
Project("{FAE04EC0-301F-11D3-BF4B-00C04F79EFBC}") = "Calculator", "Calculator\Calculator.csproj", "{703CD6E7-5AE1-4871-B9BE-0C13612FEC64}"
EndProject
Global
	GlobalSection(SolutionConfigurationPlatforms) = preSolution
		Debug|Any CPU = Debug|Any CPU
		Release|Any CPU = Release|Any CPU
	EndGlobalSection
	GlobalSection(ProjectConfigurationPlatforms) = postSolution
		{703CD6E7-5AE1-4871-B9BE-0C13612FEC64}.Debug|Any CPU.ActiveCfg = Debug|Any CPU
		{703CD6E7-5AE1-4871-B9BE-0C13612FEC64}.Debug|Any CPU.Build.0 = Debug|Any CPU
		{703CD6E7-5AE1-4871-B9BE-0C13612FEC64}.Release|Any CPU.ActiveCfg = Release|Any CPU
		{703CD6E7-5AE1-4871-B9BE-0C13612FEC64}.Release|Any CPU.Build.0 = Release|Any CPU
	EndGlobalSection
	GlobalSection(SolutionProperties) = preSolution
		HideSolutionNode = FALSE
	EndGlobalSection
	GlobalSection(ExtensibilityGlobals) = postSolution
		SolutionGuid = {F6288108-73D8-42BE-B37A-AE1CBA0F268B}
	EndGlobalSection
EndGlobal
